
Microsoft Visual Studio Solution File, Format Version 12.00
# Visual Studio 15
VisualStudioVersion = 15.0.28307.1169
MinimumVisualStudioVersion = 10.0.40219.1
Project("{8BC9CEB8-8B4A-11D0-8D11-00A0C91BC942}") = "lv_roommachine_sim", "lv_roommachine_sim\lv_roommachine_sim.vcxproj", "{2D3698BD-D7AE-4B93-B6CA-66B2618F1EE9}"
EndProject
Global
	GlobalSection(SolutionConfigurationPlatforms) = preSolution
		Debug|x64 = Debug|x64
		Debug|x86 = Debug|x86
		Release|x64 = Release|x64
		Release|x86 = Release|x86
	EndGlobalSection
	GlobalSection(ProjectConfigurationPlatforms) = postSolution
		{2D3698BD-D7AE-4B93-B6CA-66B2618F1EE9}.Debug|x64.ActiveCfg = Debug|x64
		{2D3698BD-D7AE-4B93-B6CA-66B2618F1EE9}.Debug|x64.Build.0 = Debug|x64
		{2D3698BD-D7AE-4B93-B6CA-66B2618F1EE9}.Debug|x86.ActiveCfg = Debug|Win32
		{2D3698BD-D7AE-4B93-B6CA-66B2618F1EE9}.Debug|x86.Build.0 = Debug|Win32
		{2D3698BD-D7AE-4B93-B6CA-66B2618F1EE9}.Release|x64.ActiveCfg = Release|x64
		{2D3698BD-D7AE-4B93-B6CA-66B2618F1EE9}.Release|x64.Build.0 = Release|x64
		{2D3698BD-D7AE-4B93-B6CA-66B2618F1EE9}.Release|x86.ActiveCfg = Release|Win32
		{2D3698BD-D7AE-4B93-B6CA-66B2618F1EE9}.Release|x86.Build.0 = Release|Win32
	EndGlobalSection
	GlobalSection(SolutionProperties) = preSolution
		HideSolutionNode = FALSE
	EndGlobalSection
	GlobalSection(ExtensibilityGlobals) = postSolution
		SolutionGuid = {0ED3E856-13EC-4086-864B-1223AC63BFA6}
	EndGlobalSection
EndGlobal
